
Microsoft Visual Studio Solution File, Format Version 12.00
# Visual Studio 15
VisualStudioVersion = 15.0.28010.2036
MinimumVisualStudioVersion = 10.0.40219.1
Project("{FAE04EC0-301F-11D3-BF4B-00C04F79EFBC}") = "QLDSV_sr", "QLDSV_sr\QLDSV_sr.csproj", "{5EFCFD5D-622B-43AB-9A64-F3920D00886D}"
EndProject
Global
	GlobalSection(SolutionConfigurationPlatforms) = preSolution
		Debug|Any CPU = Debug|Any CPU
		Release|Any CPU = Release|Any CPU
	EndGlobalSection
	GlobalSection(ProjectConfigurationPlatforms) = postSolution
		{5EFCFD5D-622B-43AB-9A64-F3920D00886D}.Debug|Any CPU.ActiveCfg = Debug|Any CPU
		{5EFCFD5D-622B-43AB-9A64-F3920D00886D}.Debug|Any CPU.Build.0 = Debug|Any CPU
		{5EFCFD5D-622B-43AB-9A64-F3920D00886D}.Release|Any CPU.ActiveCfg = Release|Any CPU
		{5EFCFD5D-622B-43AB-9A64-F3920D00886D}.Release|Any CPU.Build.0 = Release|Any CPU
	EndGlobalSection
	GlobalSection(SolutionProperties) = preSolution
		HideSolutionNode = FALSE
	EndGlobalSection
	GlobalSection(ExtensibilityGlobals) = postSolution
		SolutionGuid = {68F31812-93FC-477B-9A08-A648567830D6}
	EndGlobalSection
EndGlobal
